// !$*UTF8*$!
{
	archiveVersion = 1;
	classes = {
	};
	objectVersion = 46;
	objects = {

/* Begin PBXBuildFile section */
		6D2CAEAB15483454006DB513 /* HelloWorldViewController_iPad.xib in Resources */ = {isa = PBXBuildFile; fileRef = 6D2CAE9C15483454006DB513 /* HelloWorldViewController_iPad.xib */; };
		6D2CAEAC15483454006DB513 /* HelloWorldViewController_iPhone.xib in Resources */ = {isa = PBXBuildFile; fileRef = 6D2CAE9E15483454006DB513 /* HelloWorldViewController_iPhone.xib */; };
		6D2CAEAD15483454006DB513 /* InfoPlist.strings in Resources */ = {isa = PBXBuildFile; fileRef = 6D2CAEA015483454006DB513 /* InfoPlist.strings */; };
		6D2CAEAE15483454006DB513 /* HelloWorld-Info.plist in Resources */ = {isa = PBXBuildFile; fileRef = 6D2CAEA215483454006DB513 /* HelloWorld-Info.plist */; };
		6D2CAEAF15483454006DB513 /* HelloWorldAppDelegate.m in Sources */ = {isa = PBXBuildFile; fileRef = 6D2CAEA515483454006DB513 /* HelloWorldAppDelegate.m */; };
		6D2CAEB015483454006DB513 /* HelloWorldViewController.m in Sources */ = {isa = PBXBuildFile; fileRef = 6D2CAEA715483454006DB513 /* HelloWorldViewController.m */; };
		6D2CAEB115483454006DB513 /* main.m in Sources */ = {isa = PBXBuildFile; fileRef = 6D2CAEA815483454006DB513 /* main.m */; };
		D33B14D313D8F8F0009D79B7 /* SenTestingKit.framework in Frameworks */ = {isa = PBXBuildFile; fileRef = D33B14D213D8F8F0009D79B7 /* SenTestingKit.framework */; };
		D33B14D413D8F8F0009D79B7 /* UIKit.framework in Frameworks */ = {isa = PBXBuildFile; fileRef = D37CCCD013D4F4AF008459C7 /* UIKit.framework */; };
		D33B14D513D8F8F0009D79B7 /* Foundation.framework in Frameworks */ = {isa = PBXBuildFile; fileRef = D37CCCD213D4F4AF008459C7 /* Foundation.framework */; };
		D33B14D613D8F8F0009D79B7 /* CoreGraphics.framework in Frameworks */ = {isa = PBXBuildFile; fileRef = D37CCCD413D4F4AF008459C7 /* CoreGraphics.framework */; };
		D33B14DC13D8F8F0009D79B7 /* InfoPlist.strings in Resources */ = {isa = PBXBuildFile; fileRef = D33B14DA13D8F8F0009D79B7 /* InfoPlist.strings */; };
		D33B14DE13D8F8F0009D79B7 /* UnitTests.h in Resources */ = {isa = PBXBuildFile; fileRef = D33B14DD13D8F8F0009D79B7 /* UnitTests.h */; };
		D33B14E013D8F8F0009D79B7 /* UnitTests.m in Sources */ = {isa = PBXBuildFile; fileRef = D33B14DF13D8F8F0009D79B7 /* UnitTests.m */; };
		D37CCCD113D4F4AF008459C7 /* UIKit.framework in Frameworks */ = {isa = PBXBuildFile; fileRef = D37CCCD013D4F4AF008459C7 /* UIKit.framework */; };
		D37CCCD313D4F4AF008459C7 /* Foundation.framework in Frameworks */ = {isa = PBXBuildFile; fileRef = D37CCCD213D4F4AF008459C7 /* Foundation.framework */; };
		D37CCCD513D4F4AF008459C7 /* CoreGraphics.framework in Frameworks */ = {isa = PBXBuildFile; fileRef = D37CCCD413D4F4AF008459C7 /* CoreGraphics.framework */; };
/* End PBXBuildFile section */

/* Begin PBXFileReference section */
		6D2CAE9D15483454006DB513 /* en */ = {isa = PBXFileReference; lastKnownFileType = file.xib; name = en; path = en.lproj/HelloWorldViewController_iPad.xib; sourceTree = "<group>"; };
		6D2CAE9F15483454006DB513 /* en */ = {isa = PBXFileReference; lastKnownFileType = file.xib; name = en; path = en.lproj/HelloWorldViewController_iPhone.xib; sourceTree = "<group>"; };
		6D2CAEA115483454006DB513 /* en */ = {isa = PBXFileReference; lastKnownFileType = text.plist.strings; name = en; path = en.lproj/InfoPlist.strings; sourceTree = "<group>"; };
		6D2CAEA215483454006DB513 /* HelloWorld-Info.plist */ = {isa = PBXFileReference; fileEncoding = 4; lastKnownFileType = text.plist.xml; path = "HelloWorld-Info.plist"; sourceTree = "<group>"; };
		6D2CAEA315483454006DB513 /* HelloWorld-Prefix.pch */ = {isa = PBXFileReference; fileEncoding = 4; lastKnownFileType = sourcecode.c.h; path = "HelloWorld-Prefix.pch"; sourceTree = "<group>"; };
		6D2CAEA415483454006DB513 /* HelloWorldAppDelegate.h */ = {isa = PBXFileReference; fileEncoding = 4; lastKnownFileType = sourcecode.c.h; path = HelloWorldAppDelegate.h; sourceTree = "<group>"; };
		6D2CAEA515483454006DB513 /* HelloWorldAppDelegate.m */ = {isa = PBXFileReference; fileEncoding = 4; lastKnownFileType = sourcecode.c.objc; path = HelloWorldAppDelegate.m; sourceTree = "<group>"; };
		6D2CAEA615483454006DB513 /* HelloWorldViewController.h */ = {isa = PBXFileReference; fileEncoding = 4; lastKnownFileType = sourcecode.c.h; path = HelloWorldViewController.h; sourceTree = "<group>"; };
		6D2CAEA715483454006DB513 /* HelloWorldViewController.m */ = {isa = PBXFileReference; fileEncoding = 4; lastKnownFileType = sourcecode.c.objc; path = HelloWorldViewController.m; sourceTree = "<group>"; };
		6D2CAEA815483454006DB513 /* main.m */ = {isa = PBXFileReference; fileEncoding = 4; lastKnownFileType = sourcecode.c.objc; path = main.m; sourceTree = "<group>"; };
		6D2CAEBA154834B2006DB513 /* RunAcceptanceTests.sh */ = {isa = PBXFileReference; lastKnownFileType = text.script.sh; path = RunAcceptanceTests.sh; sourceTree = "<group>"; };
		D33B14D113D8F8EF009D79B7 /* UnitTests.octest */ = {isa = PBXFileReference; explicitFileType = wrapper.cfbundle; includeInIndex = 0; path = UnitTests.octest; sourceTree = BUILT_PRODUCTS_DIR; };
		D33B14D213D8F8F0009D79B7 /* SenTestingKit.framework */ = {isa = PBXFileReference; lastKnownFileType = wrapper.framework; name = SenTestingKit.framework; path = Library/Frameworks/SenTestingKit.framework; sourceTree = DEVELOPER_DIR; };
		D33B14D913D8F8F0009D79B7 /* UnitTests-Info.plist */ = {isa = PBXFileReference; lastKnownFileType = text.plist.xml; path = "UnitTests-Info.plist"; sourceTree = "<group>"; };
		D33B14DB13D8F8F0009D79B7 /* en */ = {isa = PBXFileReference; lastKnownFileType = text.plist.strings; name = en; path = en.lproj/InfoPlist.strings; sourceTree = "<group>"; };
		D33B14DD13D8F8F0009D79B7 /* UnitTests.h */ = {isa = PBXFileReference; lastKnownFileType = sourcecode.c.h; path = UnitTests.h; sourceTree = "<group>"; };
		D33B14DF13D8F8F0009D79B7 /* UnitTests.m */ = {isa = PBXFileReference; lastKnownFileType = sourcecode.c.objc; path = UnitTests.m; sourceTree = "<group>"; };
		D33B14E113D8F8F0009D79B7 /* UnitTests-Prefix.pch */ = {isa = PBXFileReference; lastKnownFileType = sourcecode.c.h; path = "UnitTests-Prefix.pch"; sourceTree = "<group>"; };
		D37CCCCC13D4F4AF008459C7 /* HelloWorld.app */ = {isa = PBXFileReference; explicitFileType = wrapper.application; includeInIndex = 0; path = HelloWorld.app; sourceTree = BUILT_PRODUCTS_DIR; };
		D37CCCD013D4F4AF008459C7 /* UIKit.framework */ = {isa = PBXFileReference; lastKnownFileType = wrapper.framework; name = UIKit.framework; path = System/Library/Frameworks/UIKit.framework; sourceTree = SDKROOT; };
		D37CCCD213D4F4AF008459C7 /* Foundation.framework */ = {isa = PBXFileReference; lastKnownFileType = wrapper.framework; name = Foundation.framework; path = System/Library/Frameworks/Foundation.framework; sourceTree = SDKROOT; };
		D37CCCD413D4F4AF008459C7 /* CoreGraphics.framework */ = {isa = PBXFileReference; lastKnownFileType = wrapper.framework; name = CoreGraphics.framework; path = System/Library/Frameworks/CoreGraphics.framework; sourceTree = SDKROOT; };
/* End PBXFileReference section */

/* Begin PBXFrameworksBuildPhase section */
		D33B14CD13D8F8EF009D79B7 /* Frameworks */ = {
			isa = PBXFrameworksBuildPhase;
			buildActionMask = 2147483647;
			files = (
				D33B14D313D8F8F0009D79B7 /* SenTestingKit.framework in Frameworks */,
				D33B14D413D8F8F0009D79B7 /* UIKit.framework in Frameworks */,
				D33B14D513D8F8F0009D79B7 /* Foundation.framework in Frameworks */,
				D33B14D613D8F8F0009D79B7 /* CoreGraphics.framework in Frameworks */,
			);
			runOnlyForDeploymentPostprocessing = 0;
		};
		D37CCCC913D4F4AF008459C7 /* Frameworks */ = {
			isa = PBXFrameworksBuildPhase;
			buildActionMask = 2147483647;
			files = (
				D37CCCD113D4F4AF008459C7 /* UIKit.framework in Frameworks */,
				D37CCCD313D4F4AF008459C7 /* Foundation.framework in Frameworks */,
				D37CCCD513D4F4AF008459C7 /* CoreGraphics.framework in Frameworks */,
			);
			runOnlyForDeploymentPostprocessing = 0;
		};
/* End PBXFrameworksBuildPhase section */

/* Begin PBXGroup section */
		6D2CAE9B15483454006DB513 /* HelloWorld */ = {
			isa = PBXGroup;
			children = (
				6D2CAE9C15483454006DB513 /* HelloWorldViewController_iPad.xib */,
				6D2CAE9E15483454006DB513 /* HelloWorldViewController_iPhone.xib */,
				6D2CAEA015483454006DB513 /* InfoPlist.strings */,
				6D2CAEA215483454006DB513 /* HelloWorld-Info.plist */,
				6D2CAEA315483454006DB513 /* HelloWorld-Prefix.pch */,
				6D2CAEA415483454006DB513 /* HelloWorldAppDelegate.h */,
				6D2CAEA515483454006DB513 /* HelloWorldAppDelegate.m */,
				6D2CAEA615483454006DB513 /* HelloWorldViewController.h */,
				6D2CAEA715483454006DB513 /* HelloWorldViewController.m */,
				6D2CAEA815483454006DB513 /* main.m */,
			);
			path = HelloWorld;
			sourceTree = "<group>";
		};
		6D2CAEB9154834B2006DB513 /* Scripts */ = {
			isa = PBXGroup;
			children = (
				6D2CAEBA154834B2006DB513 /* RunAcceptanceTests.sh */,
			);
			path = Scripts;
			sourceTree = "<group>";
		};
		D33B14D713D8F8F0009D79B7 /* UnitTests */ = {
			isa = PBXGroup;
			children = (
				D33B14DD13D8F8F0009D79B7 /* UnitTests.h */,
				D33B14DF13D8F8F0009D79B7 /* UnitTests.m */,
				D33B14D813D8F8F0009D79B7 /* Supporting Files */,
			);
			path = UnitTests;
			sourceTree = "<group>";
		};
		D33B14D813D8F8F0009D79B7 /* Supporting Files */ = {
			isa = PBXGroup;
			children = (
				D33B14D913D8F8F0009D79B7 /* UnitTests-Info.plist */,
				D33B14DA13D8F8F0009D79B7 /* InfoPlist.strings */,
				D33B14E113D8F8F0009D79B7 /* UnitTests-Prefix.pch */,
			);
			name = "Supporting Files";
			sourceTree = "<group>";
		};
		D37CCCC113D4F4AF008459C7 = {
			isa = PBXGroup;
			children = (
				6D2CAEB9154834B2006DB513 /* Scripts */,
				6D2CAE9B15483454006DB513 /* HelloWorld */,
				D33B14D713D8F8F0009D79B7 /* UnitTests */,
				D37CCCCF13D4F4AF008459C7 /* Frameworks */,
				D37CCCCD13D4F4AF008459C7 /* Products */,
			);
			sourceTree = "<group>";
		};
		D37CCCCD13D4F4AF008459C7 /* Products */ = {
			isa = PBXGroup;
			children = (
				D37CCCCC13D4F4AF008459C7 /* HelloWorld.app */,
				D33B14D113D8F8EF009D79B7 /* UnitTests.octest */,
			);
			name = Products;
			sourceTree = "<group>";
		};
		D37CCCCF13D4F4AF008459C7 /* Frameworks */ = {
			isa = PBXGroup;
			children = (
				D37CCCD013D4F4AF008459C7 /* UIKit.framework */,
				D37CCCD213D4F4AF008459C7 /* Foundation.framework */,
				D37CCCD413D4F4AF008459C7 /* CoreGraphics.framework */,
				D33B14D213D8F8F0009D79B7 /* SenTestingKit.framework */,
			);
			name = Frameworks;
			sourceTree = "<group>";
		};
/* End PBXGroup section */

/* Begin PBXNativeTarget section */
		D33B14D013D8F8EF009D79B7 /* UnitTests */ = {
			isa = PBXNativeTarget;
			buildConfigurationList = D33B14E413D8F8F0009D79B7 /* Build configuration list for PBXNativeTarget "UnitTests" */;
			buildPhases = (
				D33B14CC13D8F8EF009D79B7 /* Sources */,
				D33B14CD13D8F8EF009D79B7 /* Frameworks */,
				D33B14CE13D8F8EF009D79B7 /* Resources */,
				D33B14CF13D8F8EF009D79B7 /* ShellScript */,
			);
			buildRules = (
			);
			dependencies = (
			);
			name = UnitTests;
			productName = UnitTests;
			productReference = D33B14D113D8F8EF009D79B7 /* UnitTests.octest */;
			productType = "com.apple.product-type.bundle";
		};
		D37CCCCB13D4F4AF008459C7 /* HelloWorld */ = {
			isa = PBXNativeTarget;
			buildConfigurationList = D37CCCED13D4F4AF008459C7 /* Build configuration list for PBXNativeTarget "HelloWorld" */;
			buildPhases = (
				D37CCCC813D4F4AF008459C7 /* Sources */,
				D37CCCC913D4F4AF008459C7 /* Frameworks */,
				D37CCCCA13D4F4AF008459C7 /* Resources */,
			);
			buildRules = (
			);
			dependencies = (
			);
			name = HelloWorld;
			productName = HelloWorld;
			productReference = D37CCCCC13D4F4AF008459C7 /* HelloWorld.app */;
			productType = "com.apple.product-type.application";
		};
/* End PBXNativeTarget section */

/* Begin PBXProject section */
		D37CCCC313D4F4AF008459C7 /* Project object */ = {
			isa = PBXProject;
			attributes = {
				LastUpgradeCheck = 0430;
				ORGANIZATIONNAME = "Everyday Productive";
			};
			buildConfigurationList = D37CCCC613D4F4AF008459C7 /* Build configuration list for PBXProject "HelloWorld" */;
			compatibilityVersion = "Xcode 3.2";
			developmentRegion = English;
			hasScannedForEncodings = 0;
			knownRegions = (
				en,
			);
			mainGroup = D37CCCC113D4F4AF008459C7;
			productRefGroup = D37CCCCD13D4F4AF008459C7 /* Products */;
			projectDirPath = "";
			projectRoot = "";
			targets = (
				D37CCCCB13D4F4AF008459C7 /* HelloWorld */,
				D33B14D013D8F8EF009D79B7 /* UnitTests */,
			);
		};
/* End PBXProject section */

/* Begin PBXResourcesBuildPhase section */
		D33B14CE13D8F8EF009D79B7 /* Resources */ = {
			isa = PBXResourcesBuildPhase;
			buildActionMask = 2147483647;
			files = (
				D33B14DC13D8F8F0009D79B7 /* InfoPlist.strings in Resources */,
				D33B14DE13D8F8F0009D79B7 /* UnitTests.h in Resources */,
			);
			runOnlyForDeploymentPostprocessing = 0;
		};
		D37CCCCA13D4F4AF008459C7 /* Resources */ = {
			isa = PBXResourcesBuildPhase;
			buildActionMask = 2147483647;
			files = (
				6D2CAEAB15483454006DB513 /* HelloWorldViewController_iPad.xib in Resources */,
				6D2CAEAC15483454006DB513 /* HelloWorldViewController_iPhone.xib in Resources */,
				6D2CAEAD15483454006DB513 /* InfoPlist.strings in Resources */,
				6D2CAEAE15483454006DB513 /* HelloWorld-Info.plist in Resources */,
			);
			runOnlyForDeploymentPostprocessing = 0;
		};
/* End PBXResourcesBuildPhase section */

/* Begin PBXShellScriptBuildPhase section */
		D33B14CF13D8F8EF009D79B7 /* ShellScript */ = {
			isa = PBXShellScriptBuildPhase;
			buildActionMask = 2147483647;
			files = (
			);
			inputPaths = (
			);
			outputPaths = (
			);
			runOnlyForDeploymentPostprocessing = 0;
			shellPath = /bin/sh;
			shellScript = "# Run the unit tests in this test bundle.\n\"${SYSTEM_DEVELOPER_DIR}/Tools/RunUnitTests\"\n";
		};
/* End PBXShellScriptBuildPhase section */

/* Begin PBXSourcesBuildPhase section */
		D33B14CC13D8F8EF009D79B7 /* Sources */ = {
			isa = PBXSourcesBuildPhase;
			buildActionMask = 2147483647;
			files = (
				D33B14E013D8F8F0009D79B7 /* UnitTests.m in Sources */,
			);
			runOnlyForDeploymentPostprocessing = 0;
		};
		D37CCCC813D4F4AF008459C7 /* Sources */ = {
			isa = PBXSourcesBuildPhase;
			buildActionMask = 2147483647;
			files = (
				6D2CAEAF15483454006DB513 /* HelloWorldAppDelegate.m in Sources */,
				6D2CAEB015483454006DB513 /* HelloWorldViewController.m in Sources */,
				6D2CAEB115483454006DB513 /* main.m in Sources */,
			);
			runOnlyForDeploymentPostprocessing = 0;
		};
/* End PBXSourcesBuildPhase section */

/* Begin PBXVariantGroup section */
		6D2CAE9C15483454006DB513 /* HelloWorldViewController_iPad.xib */ = {
			isa = PBXVariantGroup;
			children = (
				6D2CAE9D15483454006DB513 /* en */,
			);
			name = HelloWorldViewController_iPad.xib;
			sourceTree = "<group>";
		};
		6D2CAE9E15483454006DB513 /* HelloWorldViewController_iPhone.xib */ = {
			isa = PBXVariantGroup;
			children = (
				6D2CAE9F15483454006DB513 /* en */,
			);
			name = HelloWorldViewController_iPhone.xib;
			sourceTree = "<group>";
		};
		6D2CAEA015483454006DB513 /* InfoPlist.strings */ = {
			isa = PBXVariantGroup;
			children = (
				6D2CAEA115483454006DB513 /* en */,
			);
			name = InfoPlist.strings;
			sourceTree = "<group>";
		};
		D33B14DA13D8F8F0009D79B7 /* InfoPlist.strings */ = {
			isa = PBXVariantGroup;
			children = (
				D33B14DB13D8F8F0009D79B7 /* en */,
			);
			name = InfoPlist.strings;
			sourceTree = "<group>";
		};
/* End PBXVariantGroup section */

/* Begin XCBuildConfiguration section */
		D33B14E213D8F8F0009D79B7 /* Debug */ = {
			isa = XCBuildConfiguration;
			buildSettings = {
				BUNDLE_LOADER = "$(BUILT_PRODUCTS_DIR)/HelloWorld.app/HelloWorld";
				FRAMEWORK_SEARCH_PATHS = (
					"$(SDKROOT)/Developer/Library/Frameworks",
					"$(DEVELOPER_LIBRARY_DIR)/Frameworks",
				);
				GCC_PRECOMPILE_PREFIX_HEADER = YES;
				GCC_PREFIX_HEADER = "UnitTests/UnitTests-Prefix.pch";
				INFOPLIST_FILE = "UnitTests/UnitTests-Info.plist";
				PRODUCT_NAME = "$(TARGET_NAME)";
				TEST_HOST = "$(BUILT_PRODUCTS_DIR)/HelloWorld.app/HelloWorld";
				WRAPPER_EXTENSION = octest;
			};
			name = Debug;
		};
		D33B14E313D8F8F0009D79B7 /* Release */ = {
			isa = XCBuildConfiguration;
			buildSettings = {
				BUNDLE_LOADER = "$(BUILT_PRODUCTS_DIR)/HelloWorld.app/HelloWorld";
				FRAMEWORK_SEARCH_PATHS = (
					"$(SDKROOT)/Developer/Library/Frameworks",
					"$(DEVELOPER_LIBRARY_DIR)/Frameworks",
				);
				GCC_PRECOMPILE_PREFIX_HEADER = YES;
				GCC_PREFIX_HEADER = "UnitTests/UnitTests-Prefix.pch";
				INFOPLIST_FILE = "UnitTests/UnitTests-Info.plist";
				PRODUCT_NAME = "$(TARGET_NAME)";
				TEST_HOST = "$(BUILT_PRODUCTS_DIR)/HelloWorld.app/HelloWorld";
				WRAPPER_EXTENSION = octest;
			};
			name = Release;
		};
		D37CCCEB13D4F4AF008459C7 /* Debug */ = {
			isa = XCBuildConfiguration;
			buildSettings = {
				ALWAYS_SEARCH_USER_PATHS = NO;
				ARCHS = "$(ARCHS_STANDARD_32_BIT)";
				CLANG_ENABLE_OBJC_ARC = YES;
				"CODE_SIGN_IDENTITY[sdk=iphoneos*]" = "iPhone Developer";
				COPY_PHASE_STRIP = NO;
				GCC_C_LANGUAGE_STANDARD = gnu99;
				GCC_DYNAMIC_NO_PIC = NO;
				GCC_OPTIMIZATION_LEVEL = 0;
				GCC_PREPROCESSOR_DEFINITIONS = (
					"DEBUG=1",
					"$(inherited)",
				);
				GCC_SYMBOLS_PRIVATE_EXTERN = NO;
				GCC_VERSION = com.apple.compilers.llvm.clang.1_0;
				GCC_WARN_ABOUT_MISSING_PROTOTYPES = YES;
				GCC_WARN_ABOUT_RETURN_TYPE = YES;
				GCC_WARN_UNUSED_VARIABLE = YES;
				IPHONEOS_DEPLOYMENT_TARGET = 5.0;
				SDKROOT = iphoneos;
				TARGETED_DEVICE_FAMILY = "1,2";
			};
			name = Debug;
		};
		D37CCCEC13D4F4AF008459C7 /* Release */ = {
			isa = XCBuildConfiguration;
			buildSettings = {
				ALWAYS_SEARCH_USER_PATHS = NO;
				ARCHS = "$(ARCHS_STANDARD_32_BIT)";
				CLANG_ENABLE_OBJC_ARC = YES;
				"CODE_SIGN_IDENTITY[sdk=iphoneos*]" = "iPhone Developer";
				COPY_PHASE_STRIP = YES;
				GCC_C_LANGUAGE_STANDARD = gnu99;
				GCC_VERSION = com.apple.compilers.llvm.clang.1_0;
				GCC_WARN_ABOUT_MISSING_PROTOTYPES = YES;
				GCC_WARN_ABOUT_RETURN_TYPE = YES;
				GCC_WARN_UNUSED_VARIABLE = YES;
				IPHONEOS_DEPLOYMENT_TARGET = 5.0;
				OTHER_CFLAGS = "-DNS_BLOCK_ASSERTIONS=1";
				SDKROOT = iphoneos;
				TARGETED_DEVICE_FAMILY = "1,2";
				VALIDATE_PRODUCT = YES;
			};
			name = Release;
		};
		D37CCCEE13D4F4AF008459C7 /* Debug */ = {
			isa = XCBuildConfiguration;
			buildSettings = {
				GCC_PRECOMPILE_PREFIX_HEADER = YES;
				GCC_PREFIX_HEADER = "HelloWorld/HelloWorld-Prefix.pch";
				INFOPLIST_FILE = "HelloWorld/HelloWorld-Info.plist";
				PRODUCT_NAME = "$(TARGET_NAME)";
				TARGETED_DEVICE_FAMILY = 1;
				WRAPPER_EXTENSION = app;
			};
			name = Debug;
		};
		D37CCCEF13D4F4AF008459C7 /* Release */ = {
			isa = XCBuildConfiguration;
			buildSettings = {
				GCC_PRECOMPILE_PREFIX_HEADER = YES;
				GCC_PREFIX_HEADER = "HelloWorld/HelloWorld-Prefix.pch";
				INFOPLIST_FILE = "HelloWorld/HelloWorld-Info.plist";
				PRODUCT_NAME = "$(TARGET_NAME)";
				TARGETED_DEVICE_FAMILY = 1;
				WRAPPER_EXTENSION = app;
			};
			name = Release;
		};
/* End XCBuildConfiguration section */

/* Begin XCConfigurationList section */
		D33B14E413D8F8F0009D79B7 /* Build configuration list for PBXNativeTarget "UnitTests" */ = {
			isa = XCConfigurationList;
			buildConfigurations = (
				D33B14E213D8F8F0009D79B7 /* Debug */,
				D33B14E313D8F8F0009D79B7 /* Release */,
			);
			defaultConfigurationIsVisible = 0;
			defaultConfigurationName = Release;
		};
		D37CCCC613D4F4AF008459C7 /* Build configuration list for PBXProject "HelloWorld" */ = {
			isa = XCConfigurationList;
			buildConfigurations = (
				D37CCCEB13D4F4AF008459C7 /* Debug */,
				D37CCCEC13D4F4AF008459C7 /* Release */,
			);
			defaultConfigurationIsVisible = 0;
			defaultConfigurationName = Release;
		};
		D37CCCED13D4F4AF008459C7 /* Build configuration list for PBXNativeTarget "HelloWorld" */ = {
			isa = XCConfigurationList;
			buildConfigurations = (
				D37CCCEE13D4F4AF008459C7 /* Debug */,
				D37CCCEF13D4F4AF008459C7 /* Release */,
			);
			defaultConfigurationIsVisible = 0;
			defaultConfigurationName = Release;
		};
/* End XCConfigurationList section */
	};
	rootObject = D37CCCC313D4F4AF008459C7 /* Project object */;
}
